
Microsoft Visual Studio Solution File, Format Version 12.00
# Visual Studio Version 17
VisualStudioVersion = 17.9.34616.47
MinimumVisualStudioVersion = 10.0.40219.1
Project("{FAE04EC0-301F-11D3-BF4B-00C04F79EFBC}") = "GestorRRHH.Shared", "GestorRRHH.Shared\GestorRRHH.Shared.csproj", "{477B3412-F02B-45E6-96CC-2C81CBFA4EE6}"
EndProject
Project("{FAE04EC0-301F-11D3-BF4B-00C04F79EFBC}") = "GestorRRHH.API", "GestorRRHH.API\GestorRRHH.API.csproj", "{AE9AEA05-4D6D-4D44-BD7A-2580790BB9AB}"
EndProject
Project("{FAE04EC0-301F-11D3-BF4B-00C04F79EFBC}") = "GestorRRHH.WEB", "GestorRRHH.WEB\GestorRRHH.WEB.csproj", "{E6DBC2D9-EA2E-49C0-B800-891211F36193}"
EndProject
Global
	GlobalSection(SolutionConfigurationPlatforms) = preSolution
		Debug|Any CPU = Debug|Any CPU
		Release|Any CPU = Release|Any CPU
	EndGlobalSection
	GlobalSection(ProjectConfigurationPlatforms) = postSolution
		{477B3412-F02B-45E6-96CC-2C81CBFA4EE6}.Debug|Any CPU.ActiveCfg = Debug|Any CPU
		{477B3412-F02B-45E6-96CC-2C81CBFA4EE6}.Debug|Any CPU.Build.0 = Debug|Any CPU
		{477B3412-F02B-45E6-96CC-2C81CBFA4EE6}.Release|Any CPU.ActiveCfg = Release|Any CPU
		{477B3412-F02B-45E6-96CC-2C81CBFA4EE6}.Release|Any CPU.Build.0 = Release|Any CPU
		{AE9AEA05-4D6D-4D44-BD7A-2580790BB9AB}.Debug|Any CPU.ActiveCfg = Debug|Any CPU
		{AE9AEA05-4D6D-4D44-BD7A-2580790BB9AB}.Debug|Any CPU.Build.0 = Debug|Any CPU
		{AE9AEA05-4D6D-4D44-BD7A-2580790BB9AB}.Release|Any CPU.ActiveCfg = Release|Any CPU
		{AE9AEA05-4D6D-4D44-BD7A-2580790BB9AB}.Release|Any CPU.Build.0 = Release|Any CPU
		{E6DBC2D9-EA2E-49C0-B800-891211F36193}.Debug|Any CPU.ActiveCfg = Debug|Any CPU
		{E6DBC2D9-EA2E-49C0-B800-891211F36193}.Debug|Any CPU.Build.0 = Debug|Any CPU
		{E6DBC2D9-EA2E-49C0-B800-891211F36193}.Release|Any CPU.ActiveCfg = Release|Any CPU
		{E6DBC2D9-EA2E-49C0-B800-891211F36193}.Release|Any CPU.Build.0 = Release|Any CPU
	EndGlobalSection
	GlobalSection(SolutionProperties) = preSolution
		HideSolutionNode = FALSE
	EndGlobalSection
	GlobalSection(ExtensibilityGlobals) = postSolution
		SolutionGuid = {5EA073FF-9938-4E2B-8684-810C2B729235}
	EndGlobalSection
EndGlobal
